
Microsoft Visual Studio Solution File, Format Version 12.00
# Visual Studio Version 17
VisualStudioVersion = 17.8.34511.84
MinimumVisualStudioVersion = 10.0.40219.1
Project("{9A19103F-16F7-4668-BE54-9A1E7A4F7556}") = "02-Framework-JsonVulnerabilties", "02-Framework-JsonVulnerabilties.csproj", "{2ECED94D-CAE6-4BD0-9489-B86AE746CB41}"
EndProject
Global
	GlobalSection(SolutionConfigurationPlatforms) = preSolution
		Debug|Any CPU = Debug|Any CPU
		Release|Any CPU = Release|Any CPU
	EndGlobalSection
	GlobalSection(ProjectConfigurationPlatforms) = postSolution
		{2ECED94D-CAE6-4BD0-9489-B86AE746CB41}.Debug|Any CPU.ActiveCfg = Debug|Any CPU
		{2ECED94D-CAE6-4BD0-9489-B86AE746CB41}.Debug|Any CPU.Build.0 = Debug|Any CPU
		{2ECED94D-CAE6-4BD0-9489-B86AE746CB41}.Release|Any CPU.ActiveCfg = Release|Any CPU
		{2ECED94D-CAE6-4BD0-9489-B86AE746CB41}.Release|Any CPU.Build.0 = Release|Any CPU
	EndGlobalSection
	GlobalSection(SolutionProperties) = preSolution
		HideSolutionNode = FALSE
	EndGlobalSection
	GlobalSection(ExtensibilityGlobals) = postSolution
		SolutionGuid = {D7645824-52B7-4AA1-9CF4-2241322801BD}
	EndGlobalSection
EndGlobal
