
Microsoft Visual Studio Solution File, Format Version 12.00
# Visual Studio Version 17
VisualStudioVersion = 17.5.002.0
MinimumVisualStudioVersion = 10.0.40219.1
Project("{9A19103F-16F7-4668-BE54-9A1E7A4F7556}") = "TodoApi", "TodoApi.csproj", "{A2CB420E-A0A7-4492-9916-2D59526CE5D4}"
EndProject
Project("{9A19103F-16F7-4668-BE54-9A1E7A4F7556}") = "SerializationRCE", "..\SerializationRCE\SerializationRCE.csproj", "{8D9672F2-D99F-48B4-A235-DEB393D056F4}"
EndProject
Project("{9A19103F-16F7-4668-BE54-9A1E7A4F7556}") = "MaliciousAssembly", "..\MaliciousAssembly\MaliciousAssembly.csproj", "{B0D44920-941E-4F9E-842F-09A921B9A0F8}"
EndProject
Global
	GlobalSection(SolutionConfigurationPlatforms) = preSolution
		Debug|Any CPU = Debug|Any CPU
		Release|Any CPU = Release|Any CPU
	EndGlobalSection
	GlobalSection(ProjectConfigurationPlatforms) = postSolution
		{A2CB420E-A0A7-4492-9916-2D59526CE5D4}.Debug|Any CPU.ActiveCfg = Debug|Any CPU
		{A2CB420E-A0A7-4492-9916-2D59526CE5D4}.Debug|Any CPU.Build.0 = Debug|Any CPU
		{A2CB420E-A0A7-4492-9916-2D59526CE5D4}.Release|Any CPU.ActiveCfg = Release|Any CPU
		{A2CB420E-A0A7-4492-9916-2D59526CE5D4}.Release|Any CPU.Build.0 = Release|Any CPU
		{8D9672F2-D99F-48B4-A235-DEB393D056F4}.Debug|Any CPU.ActiveCfg = Debug|Any CPU
		{8D9672F2-D99F-48B4-A235-DEB393D056F4}.Debug|Any CPU.Build.0 = Debug|Any CPU
		{8D9672F2-D99F-48B4-A235-DEB393D056F4}.Release|Any CPU.ActiveCfg = Release|Any CPU
		{8D9672F2-D99F-48B4-A235-DEB393D056F4}.Release|Any CPU.Build.0 = Release|Any CPU
		{B0D44920-941E-4F9E-842F-09A921B9A0F8}.Debug|Any CPU.ActiveCfg = Debug|Any CPU
		{B0D44920-941E-4F9E-842F-09A921B9A0F8}.Debug|Any CPU.Build.0 = Debug|Any CPU
		{B0D44920-941E-4F9E-842F-09A921B9A0F8}.Release|Any CPU.ActiveCfg = Release|Any CPU
		{B0D44920-941E-4F9E-842F-09A921B9A0F8}.Release|Any CPU.Build.0 = Release|Any CPU
	EndGlobalSection
	GlobalSection(SolutionProperties) = preSolution
		HideSolutionNode = FALSE
	EndGlobalSection
	GlobalSection(ExtensibilityGlobals) = postSolution
		SolutionGuid = {A56DAC76-EA18-4871-86E7-CEC27F4EF348}
	EndGlobalSection
EndGlobal
