
Microsoft Visual Studio Solution File, Format Version 12.00
# Visual Studio Version 17
VisualStudioVersion = 17.5.002.0
MinimumVisualStudioVersion = 10.0.40219.1
Project("{9A19103F-16F7-4668-BE54-9A1E7A4F7556}") = "TodoApi", "TodoApi\TodoApi.csproj", "{8CECD6EA-6A5D-4B46-99AA-A9154DE76A8C}"
EndProject
Project("{9A19103F-16F7-4668-BE54-9A1E7A4F7556}") = "RCESerialization.Tests", "RCESerialization.Tests\RCESerialization.Tests.csproj", "{5D1A95F2-5A57-476D-9813-0C24F2C32C51}"
EndProject
Project("{9A19103F-16F7-4668-BE54-9A1E7A4F7556}") = "MaliciousAssembly", "MaliciousAssembly\MaliciousAssembly.csproj", "{05CB2668-6033-41CC-9001-9DC5EC68106C}"
EndProject
Project("{FAE04EC0-301F-11D3-BF4B-00C04F79EFBC}") = "BinaryConsole", "BinaryConsole\BinaryConsole.csproj", "{5443B3FB-42DA-48CE-AA5A-3329CB9F2F20}"
EndProject
Project("{2150E333-8FDC-42A3-9474-1A3956D46DE8}") = "Solution Items", "Solution Items", "{4437E88A-60D9-4C63-8BDA-5C22C69D199E}"
	ProjectSection(SolutionItems) = preProject
		todo-badpath.http = todo-badpath.http
		todo-happypath.http = todo-happypath.http
	EndProjectSection
EndProject
Global
	GlobalSection(SolutionConfigurationPlatforms) = preSolution
		Debug|Any CPU = Debug|Any CPU
		Release|Any CPU = Release|Any CPU
	EndGlobalSection
	GlobalSection(ProjectConfigurationPlatforms) = postSolution
		{8CECD6EA-6A5D-4B46-99AA-A9154DE76A8C}.Debug|Any CPU.ActiveCfg = Debug|Any CPU
		{8CECD6EA-6A5D-4B46-99AA-A9154DE76A8C}.Debug|Any CPU.Build.0 = Debug|Any CPU
		{8CECD6EA-6A5D-4B46-99AA-A9154DE76A8C}.Release|Any CPU.ActiveCfg = Release|Any CPU
		{8CECD6EA-6A5D-4B46-99AA-A9154DE76A8C}.Release|Any CPU.Build.0 = Release|Any CPU
		{5D1A95F2-5A57-476D-9813-0C24F2C32C51}.Debug|Any CPU.ActiveCfg = Debug|Any CPU
		{5D1A95F2-5A57-476D-9813-0C24F2C32C51}.Debug|Any CPU.Build.0 = Debug|Any CPU
		{5D1A95F2-5A57-476D-9813-0C24F2C32C51}.Release|Any CPU.ActiveCfg = Release|Any CPU
		{5D1A95F2-5A57-476D-9813-0C24F2C32C51}.Release|Any CPU.Build.0 = Release|Any CPU
		{05CB2668-6033-41CC-9001-9DC5EC68106C}.Debug|Any CPU.ActiveCfg = Debug|Any CPU
		{05CB2668-6033-41CC-9001-9DC5EC68106C}.Debug|Any CPU.Build.0 = Debug|Any CPU
		{05CB2668-6033-41CC-9001-9DC5EC68106C}.Release|Any CPU.ActiveCfg = Release|Any CPU
		{05CB2668-6033-41CC-9001-9DC5EC68106C}.Release|Any CPU.Build.0 = Release|Any CPU
		{5443B3FB-42DA-48CE-AA5A-3329CB9F2F20}.Debug|Any CPU.ActiveCfg = Debug|Any CPU
		{5443B3FB-42DA-48CE-AA5A-3329CB9F2F20}.Debug|Any CPU.Build.0 = Debug|Any CPU
		{5443B3FB-42DA-48CE-AA5A-3329CB9F2F20}.Release|Any CPU.ActiveCfg = Release|Any CPU
		{5443B3FB-42DA-48CE-AA5A-3329CB9F2F20}.Release|Any CPU.Build.0 = Release|Any CPU
	EndGlobalSection
	GlobalSection(SolutionProperties) = preSolution
		HideSolutionNode = FALSE
	EndGlobalSection
	GlobalSection(ExtensibilityGlobals) = postSolution
		SolutionGuid = {A56DAC76-EA18-4871-86E7-CEC27F4EF348}
	EndGlobalSection
EndGlobal
